
Microsoft Visual Studio Solution File, Format Version 12.00
# Visual Studio Version 16
VisualStudioVersion = 16.0.810.20
MinimumVisualStudioVersion = 10.0.40219.1
Project("{FAE04EC0-301F-11D3-BF4B-00C04F79EFBC}") = "TaxCalculator.Android", "TaxCalculator.Android\TaxCalculator.Android.csproj", "{8A492980-1966-48FA-BDF5-116A883E6F3C}"
EndProject
Project("{FAE04EC0-301F-11D3-BF4B-00C04F79EFBC}") = "TaxCalculator.iOS", "TaxCalculator.iOS\TaxCalculator.iOS.csproj", "{9802A76A-F1A6-4515-9794-01CAB9C76A4B}"
EndProject
Project("{FAE04EC0-301F-11D3-BF4B-00C04F79EFBC}") = "TaxCalculator", "TaxCalculator\TaxCalculator.csproj", "{E4CFB234-88C3-481D-ADA2-1F31D0783089}"
EndProject
Project("{FAE04EC0-301F-11D3-BF4B-00C04F79EFBC}") = "TaxCalculator.Tests", "TaxCalculator.Tests\TaxCalculator.Tests.csproj", "{EB24B085-A589-4A76-81E3-026D0A29C543}"
EndProject
Global
	GlobalSection(SolutionConfigurationPlatforms) = preSolution
		Debug|Any CPU = Debug|Any CPU
		Release|Any CPU = Release|Any CPU
		Debug|iPhoneSimulator = Debug|iPhoneSimulator
		Release|iPhoneSimulator = Release|iPhoneSimulator
		Debug|iPhone = Debug|iPhone
		Release|iPhone = Release|iPhone
	EndGlobalSection
	GlobalSection(ProjectConfigurationPlatforms) = postSolution
		{8A492980-1966-48FA-BDF5-116A883E6F3C}.Debug|Any CPU.ActiveCfg = Debug|Any CPU
		{8A492980-1966-48FA-BDF5-116A883E6F3C}.Debug|Any CPU.Build.0 = Debug|Any CPU
		{8A492980-1966-48FA-BDF5-116A883E6F3C}.Release|Any CPU.ActiveCfg = Release|Any CPU
		{8A492980-1966-48FA-BDF5-116A883E6F3C}.Release|Any CPU.Build.0 = Release|Any CPU
		{8A492980-1966-48FA-BDF5-116A883E6F3C}.Debug|iPhoneSimulator.ActiveCfg = Debug|Any CPU
		{8A492980-1966-48FA-BDF5-116A883E6F3C}.Debug|iPhoneSimulator.Build.0 = Debug|Any CPU
		{8A492980-1966-48FA-BDF5-116A883E6F3C}.Release|iPhoneSimulator.ActiveCfg = Release|Any CPU
		{8A492980-1966-48FA-BDF5-116A883E6F3C}.Release|iPhoneSimulator.Build.0 = Release|Any CPU
		{8A492980-1966-48FA-BDF5-116A883E6F3C}.Debug|iPhone.ActiveCfg = Debug|Any CPU
		{8A492980-1966-48FA-BDF5-116A883E6F3C}.Debug|iPhone.Build.0 = Debug|Any CPU
		{8A492980-1966-48FA-BDF5-116A883E6F3C}.Release|iPhone.ActiveCfg = Release|Any CPU
		{8A492980-1966-48FA-BDF5-116A883E6F3C}.Release|iPhone.Build.0 = Release|Any CPU
		{9802A76A-F1A6-4515-9794-01CAB9C76A4B}.Debug|Any CPU.ActiveCfg = Debug|iPhoneSimulator
		{9802A76A-F1A6-4515-9794-01CAB9C76A4B}.Debug|Any CPU.Build.0 = Debug|iPhoneSimulator
		{9802A76A-F1A6-4515-9794-01CAB9C76A4B}.Release|Any CPU.ActiveCfg = Release|iPhoneSimulator
		{9802A76A-F1A6-4515-9794-01CAB9C76A4B}.Release|Any CPU.Build.0 = Release|iPhoneSimulator
		{9802A76A-F1A6-4515-9794-01CAB9C76A4B}.Debug|iPhoneSimulator.ActiveCfg = Debug|iPhoneSimulator
		{9802A76A-F1A6-4515-9794-01CAB9C76A4B}.Debug|iPhoneSimulator.Build.0 = Debug|iPhoneSimulator
		{9802A76A-F1A6-4515-9794-01CAB9C76A4B}.Release|iPhoneSimulator.ActiveCfg = Release|iPhoneSimulator
		{9802A76A-F1A6-4515-9794-01CAB9C76A4B}.Release|iPhoneSimulator.Build.0 = Release|iPhoneSimulator
		{9802A76A-F1A6-4515-9794-01CAB9C76A4B}.Debug|iPhone.ActiveCfg = Debug|iPhone
		{9802A76A-F1A6-4515-9794-01CAB9C76A4B}.Debug|iPhone.Build.0 = Debug|iPhone
		{9802A76A-F1A6-4515-9794-01CAB9C76A4B}.Release|iPhone.ActiveCfg = Release|iPhone
		{9802A76A-F1A6-4515-9794-01CAB9C76A4B}.Release|iPhone.Build.0 = Release|iPhone
		{E4CFB234-88C3-481D-ADA2-1F31D0783089}.Debug|Any CPU.ActiveCfg = Debug|Any CPU
		{E4CFB234-88C3-481D-ADA2-1F31D0783089}.Debug|Any CPU.Build.0 = Debug|Any CPU
		{E4CFB234-88C3-481D-ADA2-1F31D0783089}.Release|Any CPU.ActiveCfg = Release|Any CPU
		{E4CFB234-88C3-481D-ADA2-1F31D0783089}.Release|Any CPU.Build.0 = Release|Any CPU
		{E4CFB234-88C3-481D-ADA2-1F31D0783089}.Debug|iPhoneSimulator.ActiveCfg = Debug|Any CPU
		{E4CFB234-88C3-481D-ADA2-1F31D0783089}.Debug|iPhoneSimulator.Build.0 = Debug|Any CPU
		{E4CFB234-88C3-481D-ADA2-1F31D0783089}.Release|iPhoneSimulator.ActiveCfg = Release|Any CPU
		{E4CFB234-88C3-481D-ADA2-1F31D0783089}.Release|iPhoneSimulator.Build.0 = Release|Any CPU
		{E4CFB234-88C3-481D-ADA2-1F31D0783089}.Debug|iPhone.ActiveCfg = Debug|Any CPU
		{E4CFB234-88C3-481D-ADA2-1F31D0783089}.Debug|iPhone.Build.0 = Debug|Any CPU
		{E4CFB234-88C3-481D-ADA2-1F31D0783089}.Release|iPhone.ActiveCfg = Release|Any CPU
		{E4CFB234-88C3-481D-ADA2-1F31D0783089}.Release|iPhone.Build.0 = Release|Any CPU
		{EB24B085-A589-4A76-81E3-026D0A29C543}.Debug|Any CPU.ActiveCfg = Debug|Any CPU
		{EB24B085-A589-4A76-81E3-026D0A29C543}.Debug|Any CPU.Build.0 = Debug|Any CPU
		{EB24B085-A589-4A76-81E3-026D0A29C543}.Release|Any CPU.ActiveCfg = Release|Any CPU
		{EB24B085-A589-4A76-81E3-026D0A29C543}.Release|Any CPU.Build.0 = Release|Any CPU
		{EB24B085-A589-4A76-81E3-026D0A29C543}.Debug|iPhoneSimulator.ActiveCfg = Debug|Any CPU
		{EB24B085-A589-4A76-81E3-026D0A29C543}.Debug|iPhoneSimulator.Build.0 = Debug|Any CPU
		{EB24B085-A589-4A76-81E3-026D0A29C543}.Release|iPhoneSimulator.ActiveCfg = Release|Any CPU
		{EB24B085-A589-4A76-81E3-026D0A29C543}.Release|iPhoneSimulator.Build.0 = Release|Any CPU
		{EB24B085-A589-4A76-81E3-026D0A29C543}.Debug|iPhone.ActiveCfg = Debug|Any CPU
		{EB24B085-A589-4A76-81E3-026D0A29C543}.Debug|iPhone.Build.0 = Debug|Any CPU
		{EB24B085-A589-4A76-81E3-026D0A29C543}.Release|iPhone.ActiveCfg = Release|Any CPU
		{EB24B085-A589-4A76-81E3-026D0A29C543}.Release|iPhone.Build.0 = Release|Any CPU
	EndGlobalSection
	GlobalSection(SolutionProperties) = preSolution
		HideSolutionNode = FALSE
	EndGlobalSection
	GlobalSection(ExtensibilityGlobals) = postSolution
		SolutionGuid = {EE369D0F-F282-48EA-B239-5B16BC01E7F2}
	EndGlobalSection
EndGlobal
